
Microsoft Visual Studio Solution File, Format Version 12.00
# Visual Studio Version 16
VisualStudioVersion = 16.0.28803.202
MinimumVisualStudioVersion = 10.0.40219.1
Project("{9A19103F-16F7-4668-BE54-9A1E7A4F7556}") = "Cheret.SiteGenerator", "Cheret.SiteGenerator\Cheret.SiteGenerator.csproj", "{8048213C-A455-4B17-8348-0AD27DD60CB0}"
EndProject
Project("{9A19103F-16F7-4668-BE54-9A1E7A4F7556}") = "Cheret.Model", "..\..\Cheret.Model\Cheret.Model.csproj", "{F17FFE15-F01C-4045-A2D2-E97149EC423E}"
EndProject
Project("{9A19103F-16F7-4668-BE54-9A1E7A4F7556}") = "Cheret.Data", "..\..\Cheret.Data\Cheret.Data.csproj", "{EF243FFF-DBE2-4A0B-9CD1-795BFB700D28}"
EndProject
Global
	GlobalSection(SolutionConfigurationPlatforms) = preSolution
		Debug|Any CPU = Debug|Any CPU
		Release|Any CPU = Release|Any CPU
	EndGlobalSection
	GlobalSection(ProjectConfigurationPlatforms) = postSolution
		{8048213C-A455-4B17-8348-0AD27DD60CB0}.Debug|Any CPU.ActiveCfg = Debug|Any CPU
		{8048213C-A455-4B17-8348-0AD27DD60CB0}.Debug|Any CPU.Build.0 = Debug|Any CPU
		{8048213C-A455-4B17-8348-0AD27DD60CB0}.Release|Any CPU.ActiveCfg = Release|Any CPU
		{8048213C-A455-4B17-8348-0AD27DD60CB0}.Release|Any CPU.Build.0 = Release|Any CPU
		{F17FFE15-F01C-4045-A2D2-E97149EC423E}.Debug|Any CPU.ActiveCfg = Debug|Any CPU
		{F17FFE15-F01C-4045-A2D2-E97149EC423E}.Debug|Any CPU.Build.0 = Debug|Any CPU
		{F17FFE15-F01C-4045-A2D2-E97149EC423E}.Release|Any CPU.ActiveCfg = Release|Any CPU
		{F17FFE15-F01C-4045-A2D2-E97149EC423E}.Release|Any CPU.Build.0 = Release|Any CPU
		{EF243FFF-DBE2-4A0B-9CD1-795BFB700D28}.Debug|Any CPU.ActiveCfg = Debug|Any CPU
		{EF243FFF-DBE2-4A0B-9CD1-795BFB700D28}.Debug|Any CPU.Build.0 = Debug|Any CPU
		{EF243FFF-DBE2-4A0B-9CD1-795BFB700D28}.Release|Any CPU.ActiveCfg = Release|Any CPU
		{EF243FFF-DBE2-4A0B-9CD1-795BFB700D28}.Release|Any CPU.Build.0 = Release|Any CPU
	EndGlobalSection
	GlobalSection(SolutionProperties) = preSolution
		HideSolutionNode = FALSE
	EndGlobalSection
	GlobalSection(ExtensibilityGlobals) = postSolution
		SolutionGuid = {728097FD-9C18-496E-80E4-F72AEB33BD57}
	EndGlobalSection
EndGlobal
